
Microsoft Visual Studio Solution File, Format Version 12.00
# Visual Studio Version 17
VisualStudioVersion = 17.5.002.0
MinimumVisualStudioVersion = 10.0.40219.1
Project("{9A19103F-16F7-4668-BE54-9A1E7A4F7556}") = "elune-identity", "elune-identity\elune-identity.csproj", "{2036C0B0-4561-449E-8D6C-41B9141FEF10}"
EndProject
Global
	GlobalSection(SolutionConfigurationPlatforms) = preSolution
		Debug|Any CPU = Debug|Any CPU
		Release|Any CPU = Release|Any CPU
	EndGlobalSection
	GlobalSection(ProjectConfigurationPlatforms) = postSolution
		{2036C0B0-4561-449E-8D6C-41B9141FEF10}.Debug|Any CPU.ActiveCfg = Debug|Any CPU
		{2036C0B0-4561-449E-8D6C-41B9141FEF10}.Debug|Any CPU.Build.0 = Debug|Any CPU
		{2036C0B0-4561-449E-8D6C-41B9141FEF10}.Release|Any CPU.ActiveCfg = Release|Any CPU
		{2036C0B0-4561-449E-8D6C-41B9141FEF10}.Release|Any CPU.Build.0 = Release|Any CPU
	EndGlobalSection
	GlobalSection(SolutionProperties) = preSolution
		HideSolutionNode = FALSE
	EndGlobalSection
	GlobalSection(ExtensibilityGlobals) = postSolution
		SolutionGuid = {8161D0D8-C4C9-4335-AE57-EA0476162E9E}
	EndGlobalSection
EndGlobal
